{
  "name": "shyngee-birthday",
  "version": "1.0.0",
  "lockfileVersion": 3,
  "requires": true,
  "packages": {
    "": {
      "name": "shyngee-birthday",
      "version": "1.0.0",
      "license": "ISC",
      "dependencies": {
        "dt7": "^1.1.0"
      }
    },
    "node_modules/dt7": {
      "version": "1.1.0",
      "resolved": "https://registry.npmjs.org/dt7/-/dt7-1.1.0.tgz",
      "integrity": "sha512-/fR+YbajnBl9MZoBzQwmBWfM+i+U9RaIZ9iluxmLiuoSOoPDeXX+4Nh2JyU4smSnijLWrkI3dTAqh77ksztnzw=="
    }
  }
}
